
Microsoft Visual Studio Solution File, Format Version 12.00
# Visual Studio Version 16
VisualStudioVersion = 16.0.30011.22
MinimumVisualStudioVersion = 10.0.40219.1
Project("{FAE04EC0-301F-11D3-BF4B-00C04F79EFBC}") = "WindowsFormsApp6", "WindowsFormsApp6\WindowsFormsApp6.csproj", "{39A7C998-5C43-444C-B958-4609CA3A071F}"
EndProject
Project("{FAE04EC0-301F-11D3-BF4B-00C04F79EFBC}") = "FlappyBird", "..\..\FlappyBird-master\FlappyBird\FlappyBird.csproj", "{80A32571-A520-4988-A83D-0F4C1A4C2FE5}"
EndProject
Project("{FAE04EC0-301F-11D3-BF4B-00C04F79EFBC}") = "Arcanoid", "..\..\Arcanoid-c-sharp-master\Arcanoid-c-sharp-master\Arcanoid\Arcanoid.csproj", "{7F491742-5CC8-4026-8A85-D743D7375460}"
EndProject
Project("{FAE04EC0-301F-11D3-BF4B-00C04F79EFBC}") = "testing", "..\..\ЛР8\testing\testing.csproj", "{2310ABE0-2948-49F5-8457-B7C97268B554}"
EndProject
Project("{FAE04EC0-301F-11D3-BF4B-00C04F79EFBC}") = "AppCSharp", "..\..\CSharpProjects-master\AppCSharp\AppCSharp\AppCSharp.csproj", "{DB62A642-263C-43C5-8DA3-EEFCC0CEEA8E}"
EndProject
Project("{FAE04EC0-301F-11D3-BF4B-00C04F79EFBC}") = "Snake", "..\..\CSharpProjects-master\Snake\Snake\Snake.csproj", "{F1BFEF59-3AD1-49C2-ABE9-1350D689C3CF}"
EndProject
Project("{FAE04EC0-301F-11D3-BF4B-00C04F79EFBC}") = "Game_1", "..\Game_1\Game_1\Game_1.csproj", "{75BF8760-F13B-4965-9986-EE4F8F69F1B4}"
EndProject
Project("{FAE04EC0-301F-11D3-BF4B-00C04F79EFBC}") = "Game_OSU", "..\Game_OSU\Game_OSU\Game_OSU.csproj", "{4A8E4550-DF5B-4A85-95E2-D9F0C0F04865}"
EndProject
Global
	GlobalSection(SolutionConfigurationPlatforms) = preSolution
		Debug|Any CPU = Debug|Any CPU
		Release|Any CPU = Release|Any CPU
	EndGlobalSection
	GlobalSection(ProjectConfigurationPlatforms) = postSolution
		{39A7C998-5C43-444C-B958-4609CA3A071F}.Debug|Any CPU.ActiveCfg = Debug|Any CPU
		{39A7C998-5C43-444C-B958-4609CA3A071F}.Debug|Any CPU.Build.0 = Debug|Any CPU
		{39A7C998-5C43-444C-B958-4609CA3A071F}.Release|Any CPU.ActiveCfg = Release|Any CPU
		{39A7C998-5C43-444C-B958-4609CA3A071F}.Release|Any CPU.Build.0 = Release|Any CPU
		{80A32571-A520-4988-A83D-0F4C1A4C2FE5}.Debug|Any CPU.ActiveCfg = Debug|Any CPU
		{80A32571-A520-4988-A83D-0F4C1A4C2FE5}.Debug|Any CPU.Build.0 = Debug|Any CPU
		{80A32571-A520-4988-A83D-0F4C1A4C2FE5}.Release|Any CPU.ActiveCfg = Release|Any CPU
		{80A32571-A520-4988-A83D-0F4C1A4C2FE5}.Release|Any CPU.Build.0 = Release|Any CPU
		{7F491742-5CC8-4026-8A85-D743D7375460}.Debug|Any CPU.ActiveCfg = Debug|Any CPU
		{7F491742-5CC8-4026-8A85-D743D7375460}.Debug|Any CPU.Build.0 = Debug|Any CPU
		{7F491742-5CC8-4026-8A85-D743D7375460}.Release|Any CPU.ActiveCfg = Release|Any CPU
		{7F491742-5CC8-4026-8A85-D743D7375460}.Release|Any CPU.Build.0 = Release|Any CPU
		{2310ABE0-2948-49F5-8457-B7C97268B554}.Debug|Any CPU.ActiveCfg = Debug|Any CPU
		{2310ABE0-2948-49F5-8457-B7C97268B554}.Debug|Any CPU.Build.0 = Debug|Any CPU
		{2310ABE0-2948-49F5-8457-B7C97268B554}.Release|Any CPU.ActiveCfg = Release|Any CPU
		{2310ABE0-2948-49F5-8457-B7C97268B554}.Release|Any CPU.Build.0 = Release|Any CPU
		{DB62A642-263C-43C5-8DA3-EEFCC0CEEA8E}.Debug|Any CPU.ActiveCfg = Debug|Any CPU
		{DB62A642-263C-43C5-8DA3-EEFCC0CEEA8E}.Debug|Any CPU.Build.0 = Debug|Any CPU
		{DB62A642-263C-43C5-8DA3-EEFCC0CEEA8E}.Release|Any CPU.ActiveCfg = Release|Any CPU
		{DB62A642-263C-43C5-8DA3-EEFCC0CEEA8E}.Release|Any CPU.Build.0 = Release|Any CPU
		{F1BFEF59-3AD1-49C2-ABE9-1350D689C3CF}.Debug|Any CPU.ActiveCfg = Debug|Any CPU
		{F1BFEF59-3AD1-49C2-ABE9-1350D689C3CF}.Debug|Any CPU.Build.0 = Debug|Any CPU
		{F1BFEF59-3AD1-49C2-ABE9-1350D689C3CF}.Release|Any CPU.ActiveCfg = Release|Any CPU
		{F1BFEF59-3AD1-49C2-ABE9-1350D689C3CF}.Release|Any CPU.Build.0 = Release|Any CPU
		{75BF8760-F13B-4965-9986-EE4F8F69F1B4}.Debug|Any CPU.ActiveCfg = Debug|Any CPU
		{75BF8760-F13B-4965-9986-EE4F8F69F1B4}.Debug|Any CPU.Build.0 = Debug|Any CPU
		{75BF8760-F13B-4965-9986-EE4F8F69F1B4}.Release|Any CPU.ActiveCfg = Release|Any CPU
		{75BF8760-F13B-4965-9986-EE4F8F69F1B4}.Release|Any CPU.Build.0 = Release|Any CPU
		{4A8E4550-DF5B-4A85-95E2-D9F0C0F04865}.Debug|Any CPU.ActiveCfg = Debug|Any CPU
		{4A8E4550-DF5B-4A85-95E2-D9F0C0F04865}.Debug|Any CPU.Build.0 = Debug|Any CPU
		{4A8E4550-DF5B-4A85-95E2-D9F0C0F04865}.Release|Any CPU.ActiveCfg = Release|Any CPU
		{4A8E4550-DF5B-4A85-95E2-D9F0C0F04865}.Release|Any CPU.Build.0 = Release|Any CPU
	EndGlobalSection
	GlobalSection(SolutionProperties) = preSolution
		HideSolutionNode = FALSE
	EndGlobalSection
	GlobalSection(ExtensibilityGlobals) = postSolution
		SolutionGuid = {60E7EB28-7084-4699-A0FE-D57DBFDD1231}
	EndGlobalSection
EndGlobal
